version = 1
revision = 3
requires-python = ">=3.14"

[[package]]
name = "anyio"
version = "4.13.0"
source = { registry = "https://pypi.org/simple" }
dependencies = [
    { name = "idna" },
]
sdist = { url = "https://files.pythonhosted.org/packages/19/14/2c5dd9f512b66549ae92767a9c7b330ae88e1932ca57876909410251fe13/anyio-4.13.0.tar.gz", hash = "sha256:334b70e641fd2221c1505b3890c69882fe4a2df910cba14d97019b90b24439dc", size = 231622, upload-time = "2026-03-24T12:59:09.671Z" }
wheels = [
    { url = "https://files.pythonhosted.org/packages/da/42/e921fccf5015463e32a3cf6ee7f980a6ed0f395ceeaa45060b61d86486c2/anyio-4.13.0-py3-none-any.whl", hash = "sha256:08b310f9e24a9594186fd75b4f73f4a4152069e3853f1ed8bfbf58369f4ad708", size = 114353, upload-time = "2026-03-24T12:59:08.246Z" },
]

[[package]]
name = "brotli"
version = "1.2.0"
source = { registry = "https://pypi.org/simple" }
sdist = { url = "https://files.pythonhosted.org/packages/f7/16/c92ca344d646e71a43b8bb353f0a6490d7f6e06210f8554c8f874e454285/brotli-1.2.0.tar.gz", hash = "sha256:e310f77e41941c13340a95976fe66a8a95b01e783d430eeaf7a2f87e0a57dd0a", size = 7388632, upload-time = "2025-11-05T18:39:42.86Z" }
wheels = [
    { url = "https://files.pythonhosted.org/packages/17/e1/298c2ddf786bb7347a1cd71d63a347a79e5712a7c0cba9e3c3458ebd976f/brotli-1.2.0-cp314-cp314-macosx_10_15_universal2.whl", hash = "sha256:6c12dad5cd04530323e723787ff762bac749a7b256a5bece32b2243dd5c27b21", size = 863080, upload-time = "2025-11-05T18:38:45.503Z" },
    { url = "https://files.pythonhosted.org/packages/84/0c/aac98e286ba66868b2b3b50338ffbd85a35c7122e9531a73a37a29763d38/brotli-1.2.0-cp314-cp314-macosx_10_15_x86_64.whl", hash = "sha256:3219bd9e69868e57183316ee19c84e03e8f8b5a1d1f2667e1aa8c2f91cb061ac", size = 445453, upload-time = "2025-11-05T18:38:46.433Z" },
    { url = "https://files.pythonhosted.org/packages/ec/f1/0ca1f3f99ae300372635ab3fe2f7a79fa335fee3d874fa7f9e68575e0e62/brotli-1.2.0-cp314-cp314-manylinux2014_aarch64.manylinux_2_17_aarch64.manylinux_2_28_aarch64.whl", hash = "sha256:963a08f3bebd8b75ac57661045402da15991468a621f014be54e50f53a58d19e", size = 1528168, upload-time = "2025-11-05T18:38:47.371Z" },
    { url = "https://files.pythonhosted.org/packages/d6/a6/2ebfc8f766d46df8d3e65b880a2e220732395e6d7dc312c1e1244b0f074a/brotli-1.2.0-cp314-cp314-manylinux2014_ppc64le.manylinux_2_17_ppc64le.manylinux_2_28_ppc64le.whl", hash = "sha256:9322b9f8656782414b37e6af884146869d46ab85158201d82bab9abbcb971dc7", size = 1627098, upload-time = "2025-11-05T18:38:48.385Z" },
    { url = "https://files.pythonhosted.org/packages/f3/2f/0976d5b097ff8a22163b10617f76b2557f15f0f39d6a0fe1f02b1a53e92b/brotli-1.2.0-cp314-cp314-manylinux2014_x86_64.manylinux_2_17_x86_64.whl", hash = "sha256:cf9cba6f5b78a2071ec6fb1e7bd39acf35071d90a81231d67e92d637776a6a63", size = 1419861, upload-time = "2025-11-05T18:38:49.372Z" },
    { url = "https://files.pythonhosted.org/packages/9c/97/d76df7176a2ce7616ff94c1fb72d307c9a30d2189fe877f3dd99af00ea5a/brotli-1.2.0-cp314-cp314-musllinux_1_2_aarch64.whl", hash = "sha256:7547369c4392b47d30a3467fe8c3330b4f2e0f7730e45e3103d7d636678a808b", size = 1484594, upload-time = "2025-11-05T18:38:50.655Z" },
    { url = "https://files.pythonhosted.org/packages/d3/93/14cf0b1216f43df5609f5b272050b0abd219e0b54ea80b47cef9867b45e7/brotli-1.2.0-cp314-cp314-musllinux_1_2_ppc64le.whl", hash = "sha256:fc1530af5c3c275b8524f2e24841cbe2599d74462455e9bae5109e9ff42e9361", size = 1593455, upload-time = "2025-11-05T18:38:51.624Z" },
    { url = "https://files.pythonhosted.org/packages/b3/73/3183c9e41ca755713bdf2cc1d0810df742c09484e2e1ddd693bee53877c1/brotli-1.2.0-cp314-cp314-musllinux_1_2_x86_64.whl", hash = "sha256:d2d085ded05278d1c7f65560aae97b3160aeb2ea2c0b3e26204856beccb60888", size = 1488164, upload-time = "2025-11-05T18:38:53.079Z" },
    { url = "https://files.pythonhosted.org/packages/64/6a/0c78d8f3a582859236482fd9fa86a65a60328a00983006bcf6d83b7b2253/brotli-1.2.0-cp314-cp314-win32.whl", hash = "sha256:832c115a020e463c2f67664560449a7bea26b0c1fdd690352addad6d0a08714d", size = 339280, upload-time = "2025-11-05T18:38:54.02Z" },
    { url = "https://files.pythonhosted.org/packages/f5/10/56978295c14794b2c12007b07f3e41ba26acda9257457d7085b0bb3bb90c/brotli-1.2.0-cp314-cp314-win_amd64.whl", hash = "sha256:e7c0af964e0b4e3412a0ebf341ea26ec767fa0b4cf81abb5e897c9338b5ad6a3", size = 375639, upload-time = "2025-11-05T18:38:55.67Z" },
]

[[package]]
name = "brotlicffi"
version = "1.2.0.1"
source = { registry = "https://pypi.org/simple" }
dependencies = [
    { name = "cffi" },
]
sdist = { url = "https://files.pythonhosted.org/packages/8a/b6/017dc5f852ed9b8735af77774509271acbf1de02d238377667145fcee01d/brotlicffi-1.2.0.1.tar.gz", hash = "sha256:c20d5c596278307ad06414a6d95a892377ea274a5c6b790c2548c009385d621c", size = 478156, upload-time = "2026-03-05T19:54:11.547Z" }
wheels = [
    { url = "https://files.pythonhosted.org/packages/ef/f9/dfa56316837fa798eac19358351e974de8e1e2ca9475af4cb90293cd6576/brotlicffi-1.2.0.1-cp314-cp314t-macosx_11_0_arm64.whl", hash = "sha256:2c85e65913cf2b79c57a3fdd05b98d9731d9255dc0cb696b09376cc091b9cddd", size = 433046, upload-time = "2026-03-05T19:53:46.209Z" },
    { url = "https://files.pythonhosted.org/packages/4a/f5/f8f492158c76b0d940388801f04f747028971ad5774287bded5f1e53f08d/brotlicffi-1.2.0.1-cp314-cp314t-manylinux2014_aarch64.manylinux_2_17_aarch64.manylinux_2_28_aarch64.whl", hash = "sha256:535f2d05d0273408abc13fc0eebb467afac17b0ad85090c8913690d40207dac5", size = 1541126, upload-time = "2026-03-05T19:53:48.248Z" },
    { url = "https://files.pythonhosted.org/packages/3b/e1/ff87af10ac419600c63e9287a0649c673673ae6b4f2bcf48e96cb2f89f60/brotlicffi-1.2.0.1-cp314-cp314t-manylinux2014_x86_64.manylinux_2_17_x86_64.manylinux_2_28_x86_64.whl", hash = "sha256:ce17eb798ca59ecec67a9bb3fd7a4304e120d1cd02953ce522d959b9a84d58ac", size = 1541983, upload-time = "2026-03-05T19:53:50.317Z" },
    { url = "https://files.pythonhosted.org/packages/47/c0/80ecd9bd45776109fab14040e478bf63e456967c9ddee2353d8330ed8de1/brotlicffi-1.2.0.1-cp314-cp314t-win32.whl", hash = "sha256:3c9544f83cb715d95d7eab3af4adbbef8b2093ad6382288a83b3a25feb1a57ec", size = 349047, upload-time = "2026-03-05T19:53:52.215Z" },
    { url = "https://files.pythonhosted.org/packages/ab/98/13e5b250236a281b6cd9e92a01ee1ae231029fa78faee932ef3766e1cb24/brotlicffi-1.2.0.1-cp314-cp314t-win_amd64.whl", hash = "sha256:625f8115d32ae9c0740d01ea51518437c3fbaa3e78d41cb18459f6f7ac326000", size = 385652, upload-time = "2026-03-05T19:53:53.892Z" },
    { url = "https://files.pythonhosted.org/packages/9a/9f/b98dcd4af47994cee97aebac866996a006a2e5fc1fd1e2b82a8ad95cf09c/brotlicffi-1.2.0.1-cp38-abi3-macosx_11_0_arm64.whl", hash = "sha256:91ba5f0ccc040f6ff8f7efaf839f797723d03ed46acb8ae9408f99ffd2572cf4", size = 432608, upload-time = "2026-03-05T19:53:56.736Z" },
    { url = "https://files.pythonhosted.org/packages/b1/7a/ac4ee56595a061e3718a6d1ea7e921f4df156894acffb28ed88a1fd52022/brotlicffi-1.2.0.1-cp38-abi3-manylinux2014_aarch64.manylinux_2_17_aarch64.manylinux_2_28_aarch64.whl", hash = "sha256:be9a670c6811af30a4bd42d7116dc5895d3b41beaa8ed8a89050447a0181f5ce", size = 1534257, upload-time = "2026-03-05T19:53:58.667Z" },
    { url = "https://files.pythonhosted.org/packages/99/39/e7410db7f6f56de57744ea52a115084ceb2735f4d44973f349bb92136586/brotlicffi-1.2.0.1-cp38-abi3-manylinux2014_x86_64.manylinux_2_17_x86_64.manylinux_2_28_x86_64.whl", hash = "sha256:6f3314a3476f59e5443f9f72a6dff16edc0c3463c9b318feaef04ae3e4683f5a", size = 1536838, upload-time = "2026-03-05T19:54:00.705Z" },
    { url = "https://files.pythonhosted.org/packages/a6/75/6e7977d1935fc3fbb201cbd619be8f2c7aea25d40a096967132854b34708/brotlicffi-1.2.0.1-cp38-abi3-win32.whl", hash = "sha256:82ea52e2b5d3145b6c406ebd3efb0d55db718b7ad996bd70c62cec0439de1187", size = 343337, upload-time = "2026-03-05T19:54:02.446Z" },
    { url = "https://files.pythonhosted.org/packages/d8/ef/e7e485ce5e4ba3843a0a92feb767c7b6098fd6e65ce752918074d175ae71/brotlicffi-1.2.0.1-cp38-abi3-win_amd64.whl", hash = "sha256:da2e82a08e7778b8bc539d27ca03cdd684113e81394bfaaad8d0dfc6a17ddede", size = 379026, upload-time = "2026-03-05T19:54:04.322Z" },
]

[[package]]
name = "certifi"
version = "2026.2.25"
source = { registry = "https://pypi.org/simple" }
sdist = { url = "https://files.pythonhosted.org/packages/af/2d/7bf41579a8986e348fa033a31cdd0e4121114f6bce2457e8876010b092dd/certifi-2026.2.25.tar.gz", hash = "sha256:e887ab5cee78ea814d3472169153c2d12cd43b14bd03329a39a9c6e2e80bfba7", size = 155029, upload-time = "2026-02-25T02:54:17.342Z" }
wheels = [
    { url = "https://files.pythonhosted.org/packages/9a/3c/c17fb3ca2d9c3acff52e30b309f538586f9f5b9c9cf454f3845fc9af4881/certifi-2026.2.25-py3-none-any.whl", hash = "sha256:027692e4402ad994f1c42e52a4997a9763c646b73e4096e4d5d6db8af1d6f0fa", size = 153684, upload-time = "2026-02-25T02:54:15.766Z" },
]

[[package]]
name = "cffi"
version = "2.0.0"
source = { registry = "https://pypi.org/simple" }
dependencies = [
    { name = "pycparser", marker = "implementation_name != 'PyPy'" },
]
sdist = { url = "https://files.pythonhosted.org/packages/eb/56/b1ba7935a17738ae8453301356628e8147c79dbb825bcbc73dc7401f9846/cffi-2.0.0.tar.gz", hash = "sha256:44d1b5909021139fe36001ae048dbdde8214afa20200eda0f64c068cac5d5529", size = 523588, upload-time = "2025-09-08T23:24:04.541Z" }
wheels = [
    { url = "https://files.pythonhosted.org/packages/92/c4/3ce07396253a83250ee98564f8d7e9789fab8e58858f35d07a9a2c78de9f/cffi-2.0.0-cp314-cp314-macosx_10_13_x86_64.whl", hash = "sha256:fc33c5141b55ed366cfaad382df24fe7dcbc686de5be719b207bb248e3053dc5", size = 185320, upload-time = "2025-09-08T23:23:18.087Z" },
    { url = "https://files.pythonhosted.org/packages/59/dd/27e9fa567a23931c838c6b02d0764611c62290062a6d4e8ff7863daf9730/cffi-2.0.0-cp314-cp314-macosx_11_0_arm64.whl", hash = "sha256:c654de545946e0db659b3400168c9ad31b5d29593291482c43e3564effbcee13", size = 181487, upload-time = "2025-09-08T23:23:19.622Z" },
    { url = "https://files.pythonhosted.org/packages/d6/43/0e822876f87ea8a4ef95442c3d766a06a51fc5298823f884ef87aaad168c/cffi-2.0.0-cp314-cp314-manylinux2014_aarch64.manylinux_2_17_aarch64.whl", hash = "sha256:24b6f81f1983e6df8db3adc38562c83f7d4a0c36162885ec7f7b77c7dcbec97b", size = 220049, upload-time = "2025-09-08T23:23:20.853Z" },
    { url = "https://files.pythonhosted.org/packages/b4/89/76799151d9c2d2d1ead63c2429da9ea9d7aac304603de0c6e8764e6e8e70/cffi-2.0.0-cp314-cp314-manylinux2014_ppc64le.manylinux_2_17_ppc64le.whl", hash = "sha256:12873ca6cb9b0f0d3a0da705d6086fe911591737a59f28b7936bdfed27c0d47c", size = 207793, upload-time = "2025-09-08T23:23:22.08Z" },
    { url = "https://files.pythonhosted.org/packages/bb/dd/3465b14bb9e24ee24cb88c9e3730f6de63111fffe513492bf8c808a3547e/cffi-2.0.0-cp314-cp314-manylinux2014_s390x.manylinux_2_17_s390x.whl", hash = "sha256:d9b97165e8aed9272a6bb17c01e3cc5871a594a446ebedc996e2397a1c1ea8ef", size = 206300, upload-time = "2025-09-08T23:23:23.314Z" },
    { url = "https://files.pythonhosted.org/packages/47/d9/d83e293854571c877a92da46fdec39158f8d7e68da75bf73581225d28e90/cffi-2.0.0-cp314-cp314-manylinux2014_x86_64.manylinux_2_17_x86_64.whl", hash = "sha256:afb8db5439b81cf9c9d0c80404b60c3cc9c3add93e114dcae767f1477cb53775", size = 219244, upload-time = "2025-09-08T23:23:24.541Z" },
    { url = "https://files.pythonhosted.org/packages/2b/0f/1f177e3683aead2bb00f7679a16451d302c436b5cbf2505f0ea8146ef59e/cffi-2.0.0-cp314-cp314-musllinux_1_2_aarch64.whl", hash = "sha256:737fe7d37e1a1bffe70bd5754ea763a62a066dc5913ca57e957824b72a85e205", size = 222828, upload-time = "2025-09-08T23:23:26.143Z" },
    { url = "https://files.pythonhosted.org/packages/c6/0f/cafacebd4b040e3119dcb32fed8bdef8dfe94da653155f9d0b9dc660166e/cffi-2.0.0-cp314-cp314-musllinux_1_2_x86_64.whl", hash = "sha256:38100abb9d1b1435bc4cc340bb4489635dc2f0da7456590877030c9b3d40b0c1", size = 220926, upload-time = "2025-09-08T23:23:27.873Z" },
    { url = "https://files.pythonhosted.org/packages/3e/aa/df335faa45b395396fcbc03de2dfcab242cd61a9900e914fe682a59170b1/cffi-2.0.0-cp314-cp314-win32.whl", hash = "sha256:087067fa8953339c723661eda6b54bc98c5625757ea62e95eb4898ad5e776e9f", size = 175328, upload-time = "2025-09-08T23:23:44.61Z" },
    { url = "https://files.pythonhosted.org/packages/bb/92/882c2d30831744296ce713f0feb4c1cd30f346ef747b530b5318715cc367/cffi-2.0.0-cp314-cp314-win_amd64.whl", hash = "sha256:203a48d1fb583fc7d78a4c6655692963b860a417c0528492a6bc21f1aaefab25", size = 185650, upload-time = "2025-09-08T23:23:45.848Z" },
    { url = "https://files.pythonhosted.org/packages/9f/2c/98ece204b9d35a7366b5b2c6539c350313ca13932143e79dc133ba757104/cffi-2.0.0-cp314-cp314-win_arm64.whl", hash = "sha256:dbd5c7a25a7cb98f5ca55d258b103a2054f859a46ae11aaf23134f9cc0d356ad", size = 180687, upload-time = "2025-09-08T23:23:47.105Z" },
    { url = "https://files.pythonhosted.org/packages/3e/61/c768e4d548bfa607abcda77423448df8c471f25dbe64fb2ef6d555eae006/cffi-2.0.0-cp314-cp314t-macosx_10_13_x86_64.whl", hash = "sha256:9a67fc9e8eb39039280526379fb3a70023d77caec1852002b4da7e8b270c4dd9", size = 188773, upload-time = "2025-09-08T23:23:29.347Z" },
    { url = "https://files.pythonhosted.org/packages/2c/ea/5f76bce7cf6fcd0ab1a1058b5af899bfbef198bea4d5686da88471ea0336/cffi-2.0.0-cp314-cp314t-macosx_11_0_arm64.whl", hash = "sha256:7a66c7204d8869299919db4d5069a82f1561581af12b11b3c9f48c584eb8743d", size = 185013, upload-time = "2025-09-08T23:23:30.63Z" },
    { url = "https://files.pythonhosted.org/packages/be/b4/c56878d0d1755cf9caa54ba71e5d049479c52f9e4afc230f06822162ab2f/cffi-2.0.0-cp314-cp314t-manylinux2014_aarch64.manylinux_2_17_aarch64.whl", hash = "sha256:7cc09976e8b56f8cebd752f7113ad07752461f48a58cbba644139015ac24954c", size = 221593, upload-time = "2025-09-08T23:23:31.91Z" },
    { url = "https://files.pythonhosted.org/packages/e0/0d/eb704606dfe8033e7128df5e90fee946bbcb64a04fcdaa97321309004000/cffi-2.0.0-cp314-cp314t-manylinux2014_ppc64le.manylinux_2_17_ppc64le.whl", hash = "sha256:92b68146a71df78564e4ef48af17551a5ddd142e5190cdf2c5624d0c3ff5b2e8", size = 209354, upload-time = "2025-09-08T23:23:33.214Z" },
    { url = "https://files.pythonhosted.org/packages/d8/19/3c435d727b368ca475fb8742ab97c9cb13a0de600ce86f62eab7fa3eea60/cffi-2.0.0-cp314-cp314t-manylinux2014_s390x.manylinux_2_17_s390x.whl", hash = "sha256:b1e74d11748e7e98e2f426ab176d4ed720a64412b6a15054378afdb71e0f37dc", size = 208480, upload-time = "2025-09-08T23:23:34.495Z" },
    { url = "https://files.pythonhosted.org/packages/d0/44/681604464ed9541673e486521497406fadcc15b5217c3e326b061696899a/cffi-2.0.0-cp314-cp314t-manylinux2014_x86_64.manylinux_2_17_x86_64.whl", hash = "sha256:28a3a209b96630bca57cce802da70c266eb08c6e97e5afd61a75611ee6c64592", size = 221584, upload-time = "2025-09-08T23:23:36.096Z" },
    { url = "https://files.pythonhosted.org/packages/25/8e/342a504ff018a2825d395d44d63a767dd8ebc927ebda557fecdaca3ac33a/cffi-2.0.0-cp314-cp314t-musllinux_1_2_aarch64.whl", hash = "sha256:7553fb2090d71822f02c629afe6042c299edf91ba1bf94951165613553984512", size = 224443, upload-time = "2025-09-08T23:23:37.328Z" },
    { url = "https://files.pythonhosted.org/packages/e1/5e/b666bacbbc60fbf415ba9988324a132c9a7a0448a9a8f125074671c0f2c3/cffi-2.0.0-cp314-cp314t-musllinux_1_2_x86_64.whl", hash = "sha256:6c6c373cfc5c83a975506110d17457138c8c63016b563cc9ed6e056a82f13ce4", size = 223437, upload-time = "2025-09-08T23:23:38.945Z" },
    { url = "https://files.pythonhosted.org/packages/a0/1d/ec1a60bd1a10daa292d3cd6bb0b359a81607154fb8165f3ec95fe003b85c/cffi-2.0.0-cp314-cp314t-win32.whl", hash = "sha256:1fc9ea04857caf665289b7a75923f2c6ed559b8298a1b8c49e59f7dd95c8481e", size = 180487, upload-time = "2025-09-08T23:23:40.423Z" },
    { url = "https://files.pythonhosted.org/packages/bf/41/4c1168c74fac325c0c8156f04b6749c8b6a8f405bbf91413ba088359f60d/cffi-2.0.0-cp314-cp314t-win_amd64.whl", hash = "sha256:d68b6cef7827e8641e8ef16f4494edda8b36104d79773a334beaa1e3521430f6", size = 191726, upload-time = "2025-09-08T23:23:41.742Z" },
    { url = "https://files.pythonhosted.org/packages/ae/3a/dbeec9d1ee0844c679f6bb5d6ad4e9f198b1224f4e7a32825f47f6192b0c/cffi-2.0.0-cp314-cp314t-win_arm64.whl", hash = "sha256:0a1527a803f0a659de1af2e1fd700213caba79377e27e4693648c2923da066f9", size = 184195, upload-time = "2025-09-08T23:23:43.004Z" },
]

[[package]]
name = "h11"
version = "0.16.0"
source = { registry = "https://pypi.org/simple" }
sdist = { url = "https://files.pythonhosted.org/packages/01/ee/02a2c011bdab74c6fb3c75474d40b3052059d95df7e73351460c8588d963/h11-0.16.0.tar.gz", hash = "sha256:4e35b956cf45792e4caa5885e69fba00bdbc6ffafbfa020300e549b208ee5ff1", size = 101250, upload-time = "2025-04-24T03:35:25.427Z" }
wheels = [
    { url = "https://files.pythonhosted.org/packages/04/4b/29cac41a4d98d144bf5f6d33995617b185d14b22401f75ca86f384e87ff1/h11-0.16.0-py3-none-any.whl", hash = "sha256:63cf8bbe7522de3bf65932fda1d9c2772064ffb3dae62d55932da54b31cb6c86", size = 37515, upload-time = "2025-04-24T03:35:24.344Z" },
]

[[package]]
name = "h2"
version = "4.3.0"
source = { registry = "https://pypi.org/simple" }
dependencies = [
    { name = "hpack" },
    { name = "hyperframe" },
]
sdist = { url = "https://files.pythonhosted.org/packages/1d/17/afa56379f94ad0fe8defd37d6eb3f89a25404ffc71d4d848893d270325fc/h2-4.3.0.tar.gz", hash = "sha256:6c59efe4323fa18b47a632221a1888bd7fde6249819beda254aeca909f221bf1", size = 2152026, upload-time = "2025-08-23T18:12:19.778Z" }
wheels = [
    { url = "https://files.pythonhosted.org/packages/69/b2/119f6e6dcbd96f9069ce9a2665e0146588dc9f88f29549711853645e736a/h2-4.3.0-py3-none-any.whl", hash = "sha256:c438f029a25f7945c69e0ccf0fb951dc3f73a5f6412981daee861431b70e2bdd", size = 61779, upload-time = "2025-08-23T18:12:17.779Z" },
]

[[package]]
name = "hpack"
version = "4.1.0"
source = { registry = "https://pypi.org/simple" }
sdist = { url = "https://files.pythonhosted.org/packages/2c/48/71de9ed269fdae9c8057e5a4c0aa7402e8bb16f2c6e90b3aa53327b113f8/hpack-4.1.0.tar.gz", hash = "sha256:ec5eca154f7056aa06f196a557655c5b009b382873ac8d1e66e79e87535f1dca", size = 51276, upload-time = "2025-01-22T21:44:58.347Z" }
wheels = [
    { url = "https://files.pythonhosted.org/packages/07/c6/80c95b1b2b94682a72cbdbfb85b81ae2daffa4291fbfa1b1464502ede10d/hpack-4.1.0-py3-none-any.whl", hash = "sha256:157ac792668d995c657d93111f46b4535ed114f0c9c8d672271bbec7eae1b496", size = 34357, upload-time = "2025-01-22T21:44:56.92Z" },
]

[[package]]
name = "httpcore"
version = "1.0.9"
source = { registry = "https://pypi.org/simple" }
dependencies = [
    { name = "certifi" },
    { name = "h11" },
]
sdist = { url = "https://files.pythonhosted.org/packages/06/94/82699a10bca87a5556c9c59b5963f2d039dbd239f25bc2a63907a05a14cb/httpcore-1.0.9.tar.gz", hash = "sha256:6e34463af53fd2ab5d807f399a9b45ea31c3dfa2276f15a2c3f00afff6e176e8", size = 85484, upload-time = "2025-04-24T22:06:22.219Z" }
wheels = [
    { url = "https://files.pythonhosted.org/packages/7e/f5/f66802a942d491edb555dd61e3a9961140fd64c90bce1eafd741609d334d/httpcore-1.0.9-py3-none-any.whl", hash = "sha256:2d400746a40668fc9dec9810239072b40b4484b640a8c38fd654a024c7a1bf55", size = 78784, upload-time = "2025-04-24T22:06:20.566Z" },
]

[[package]]
name = "httpx"
version = "0.28.1"
source = { registry = "https://pypi.org/simple" }
dependencies = [
    { name = "anyio" },
    { name = "certifi" },
    { name = "httpcore" },
    { name = "idna" },
]
sdist = { url = "https://files.pythonhosted.org/packages/b1/df/48c586a5fe32a0f01324ee087459e112ebb7224f646c0b5023f5e79e9956/httpx-0.28.1.tar.gz", hash = "sha256:75e98c5f16b0f35b567856f597f06ff2270a374470a5c2392242528e3e3e42fc", size = 141406, upload-time = "2024-12-06T15:37:23.222Z" }
wheels = [
    { url = "https://files.pythonhosted.org/packages/2a/39/e50c7c3a983047577ee07d2a9e53faf5a69493943ec3f6a384bdc792deb2/httpx-0.28.1-py3-none-any.whl", hash = "sha256:d909fcccc110f8c7faf814ca82a9a4d816bc5a6dbfea25d6591d6985b8ba59ad", size = 73517, upload-time = "2024-12-06T15:37:21.509Z" },
]

[package.optional-dependencies]
brotli = [
    { name = "brotli", marker = "platform_python_implementation == 'CPython'" },
    { name = "brotlicffi", marker = "platform_python_implementation != 'CPython'" },
]
http2 = [
    { name = "h2" },
]
zstd = [
    { name = "zstandard" },
]

[[package]]
name = "hyperframe"
version = "6.1.0"
source = { registry = "https://pypi.org/simple" }
sdist = { url = "https://files.pythonhosted.org/packages/02/e7/94f8232d4a74cc99514c13a9f995811485a6903d48e5d952771ef6322e30/hyperframe-6.1.0.tar.gz", hash = "sha256:f630908a00854a7adeabd6382b43923a4c4cd4b821fcb527e6ab9e15382a3b08", size = 26566, upload-time = "2025-01-22T21:41:49.302Z" }
wheels = [
    { url = "https://files.pythonhosted.org/packages/48/30/47d0bf6072f7252e6521f3447ccfa40b421b6824517f82854703d0f5a98b/hyperframe-6.1.0-py3-none-any.whl", hash = "sha256:b03380493a519fce58ea5af42e4a42317bf9bd425596f7a0835ffce80f1a42e5", size = 13007, upload-time = "2025-01-22T21:41:47.295Z" },
]

[[package]]
name = "idna"
version = "3.11"
source = { registry = "https://pypi.org/simple" }
sdist = { url = "https://files.pythonhosted.org/packages/6f/6d/0703ccc57f3a7233505399edb88de3cbd678da106337b9fcde432b65ed60/idna-3.11.tar.gz", hash = "sha256:795dafcc9c04ed0c1fb032c2aa73654d8e8c5023a7df64a53f39190ada629902", size = 194582, upload-time = "2025-10-12T14:55:20.501Z" }
wheels = [
    { url = "https://files.pythonhosted.org/packages/0e/61/66938bbb5fc52dbdf84594873d5b51fb1f7c7794e9c0f5bd885f30bc507b/idna-3.11-py3-none-any.whl", hash = "sha256:771a87f49d9defaf64091e6e6fe9c18d4833f140bd19464795bc32d966ca37ea", size = 71008, upload-time = "2025-10-12T14:55:18.883Z" },
]

[[package]]
name = "ilmanlaatu"
version = "0.1.0"
source = { virtual = "." }
dependencies = [
    { name = "httpx", extra = ["brotli", "http2", "zstd"] },
    { name = "pendulum" },
    { name = "polars" },
]

[package.dev-dependencies]
dev = [
    { name = "ruff" },
]

[package.metadata]
requires-dist = [
    { name = "httpx", extras = ["http2", "zstd", "brotli"], specifier = ">=0.28.1" },
    { name = "pendulum", specifier = ">=3.1.0" },
    { name = "polars", specifier = ">=1.40.1" },
]

[package.metadata.requires-dev]
dev = [{ name = "ruff", specifier = ">=0.14.0" }]

[[package]]
name = "pendulum"
version = "3.2.0"
source = { registry = "https://pypi.org/simple" }
dependencies = [
    { name = "python-dateutil" },
    { name = "tzdata" },
]
sdist = { url = "https://files.pythonhosted.org/packages/cb/72/9a51afa0a822b09e286c4cb827ed7b00bc818dac7bd11a5f161e493a217d/pendulum-3.2.0.tar.gz", hash = "sha256:e80feda2d10fa3ff8b1526715f7d33dcb7e08494b3088f2c8a3ac92d4a4331ce", size = 86912, upload-time = "2026-01-30T11:22:24.093Z" }
wheels = [
    { url = "https://files.pythonhosted.org/packages/82/99/5b9cc823862450910bcb2c7cdc6884c0939b268639146d30e4a4f55eb1f1/pendulum-3.2.0-cp314-cp314-macosx_10_12_x86_64.whl", hash = "sha256:c17ac069e88c5a1e930a5ae0ef17357a14b9cc5a28abadda74eaa8106d241c8e", size = 338281, upload-time = "2026-01-30T11:21:40.812Z" },
    { url = "https://files.pythonhosted.org/packages/cd/3a/64a35260f6ac36c0ad50eeb5f1a465b98b0d7603f79a5c2077c41326d639/pendulum-3.2.0-cp314-cp314-macosx_11_0_arm64.whl", hash = "sha256:e1fbb540edecb21f8244aebfb05a1f2333ddc6c7819378c099d4a61cc91ae93c", size = 328030, upload-time = "2026-01-30T11:21:42.778Z" },
    { url = "https://files.pythonhosted.org/packages/da/6b/1140e09310035a2afb05bb90a2b8fbda9d3222e03b92de9533123afe6b65/pendulum-3.2.0-cp314-cp314-manylinux_2_17_aarch64.manylinux2014_aarch64.whl", hash = "sha256:a8c67fb9a1fe8fc1adae2cc01b0c292b268c12475b4609ff4aed71c9dd367b4d", size = 340206, upload-time = "2026-01-30T11:21:44.148Z" },
    { url = "https://files.pythonhosted.org/packages/52/4a/a493de56cbc24a64b21ac6ba98513a9ec5c67daa3dba325e39a8e53f30d8/pendulum-3.2.0-cp314-cp314-manylinux_2_17_ppc64le.manylinux2014_ppc64le.whl", hash = "sha256:baa9a66c980defda6cfe1275103a94b22e90d83ebd7a84cc961cee6cbd25a244", size = 373976, upload-time = "2026-01-30T11:21:45.56Z" },
    { url = "https://files.pythonhosted.org/packages/3c/4c/f083c4fd1a161d4ab218680cc906338c541497b3098373f2241f58c429cb/pendulum-3.2.0-cp314-cp314-manylinux_2_17_s390x.manylinux2014_s390x.whl", hash = "sha256:ef8f783fa7a14973b0596d8af2a5b2d90858a55030e9b4c6885eb4284b88314f", size = 380075, upload-time = "2026-01-30T11:21:46.959Z" },
    { url = "https://files.pythonhosted.org/packages/57/b6/333a0fcb33bf15eb879a46a11ce6300c1698a141e689665fe430783ff8d6/pendulum-3.2.0-cp314-cp314-manylinux_2_17_x86_64.manylinux2014_x86_64.whl", hash = "sha256:a7d2e9bfb065727d8676e7ada3793b47a24349500a5e9637404355e482c822be", size = 349026, upload-time = "2026-01-30T11:21:48.271Z" },
    { url = "https://files.pythonhosted.org/packages/43/1a/dfb526ec0cba1e7cd6a5e4f4dd64a6ada7428d1449c54b15f7b295f6e122/pendulum-3.2.0-cp314-cp314-musllinux_1_1_aarch64.whl", hash = "sha256:55d7ba6bb74171c3ee409bf30076ee3a259a3c2bb147ac87ebb76aaa3cf5d3a2", size = 517395, upload-time = "2026-01-30T11:21:49.643Z" },
    { url = "https://files.pythonhosted.org/packages/c9/37/b4f2b5f1200351c4869b8b46ad5c21019e3dbe0417f5867ae969fad7b5fe/pendulum-3.2.0-cp314-cp314-musllinux_1_1_x86_64.whl", hash = "sha256:a50d8cf42f06d3d8c3f8bb2a7ac47fa93b5145e69de6a7209be6a47afdd9cf76", size = 561926, upload-time = "2026-01-30T11:21:51.698Z" },
    { url = "https://files.pythonhosted.org/packages/a0/9e/567376582da58f5fe8e4f579db2bcfbf243cf619a5825bdf1023ad1436b3/pendulum-3.2.0-cp314-cp314-win_amd64.whl", hash = "sha256:e5bbb92b155cd5018b3cf70ee49ed3b9c94398caaaa7ed97fe41e5bb5a968418", size = 258817, upload-time = "2026-01-30T11:21:53.074Z" },
    { url = "https://files.pythonhosted.org/packages/95/67/dfffd7eb50d67fa821cd4d92cf71575ead6162930202bc40dfcedf78c38c/pendulum-3.2.0-cp314-cp314-win_arm64.whl", hash = "sha256:d53134418e04335c3029a32e9341cccc9b085a28744fb5ee4e6a8f5039363b1a", size = 253292, upload-time = "2026-01-30T11:21:54.484Z" },
    { url = "https://files.pythonhosted.org/packages/02/fb/d65db067a67df7252f18b0cb7420dda84078b9e8bfb375215469c14a50be/pendulum-3.2.0-py3-none-any.whl", hash = "sha256:f3a9c18a89b4d9ef39c5fa6a78722aaff8d5be2597c129a3b16b9f40a561acf3", size = 114111, upload-time = "2026-01-30T11:22:22.361Z" },
]

[[package]]
name = "polars"
version = "1.40.1"
source = { registry = "https://pypi.org/simple" }
dependencies = [
    { name = "polars-runtime-32" },
]
sdist = { url = "https://files.pythonhosted.org/packages/b3/8c/bc9bc948058348ed43117cecc3007cd608f395915dae8a00974579a5dab1/polars-1.40.1.tar.gz", hash = "sha256:ab2694134b137596b5a59bfd7b4c54ebbc9b59f9403127f18e32d363777552e8", size = 733574, upload-time = "2026-04-22T19:15:55.507Z" }
wheels = [
    { url = "https://files.pythonhosted.org/packages/ea/91/74fc60d94488685a92ac9d49d7ec55f3e91fe9b77942a6235a5fa7f249c3/polars-1.40.1-py3-none-any.whl", hash = "sha256:c0f861219d1319cdea45c4ce4d30355a47176b8f98dcedf95ea8269f131b8abd", size = 828723, upload-time = "2026-04-22T19:14:25.452Z" },
]

[[package]]
name = "polars-runtime-32"
version = "1.40.1"
source = { registry = "https://pypi.org/simple" }
sdist = { url = "https://files.pythonhosted.org/packages/54/ba/26d40f039be9f552b5fd7365a621bdfc0f8e912ef77094ae4693491b0bae/polars_runtime_32-1.40.1.tar.gz", hash = "sha256:37f3065615d1bf90d03b5326222df4c5c1f8a5d33e50470aa588e3465e6eb814", size = 2935843, upload-time = "2026-04-22T19:15:57.26Z" }
wheels = [
    { url = "https://files.pythonhosted.org/packages/7d/46/22c8af5eed68ac2eeb556e0fa3ca8a7b798e984ceff4450888f3b5ac61fd/polars_runtime_32-1.40.1-cp310-abi3-macosx_10_12_x86_64.whl", hash = "sha256:b748ef652270cc49e9e69f99a035e0eb4d5f856d42bcd6ac4d9d80a40142aa1e", size = 52098755, upload-time = "2026-04-22T19:14:28.555Z" },
    { url = "https://files.pythonhosted.org/packages/c6/3e/48599a38009ca60ff82a6f38c8a621ce3c0286aa7397c7d79e741bd9060e/polars_runtime_32-1.40.1-cp310-abi3-macosx_11_0_arm64.whl", hash = "sha256:d249b3743e05986060cec0a7aaa542d020df6c6b876e556023a310efd581f9be", size = 46367542, upload-time = "2026-04-22T19:14:32.433Z" },
    { url = "https://files.pythonhosted.org/packages/43/e9/384bc069367a1a36ee31c13782c178dbd039b2b873b772d4a0fc23a2373d/polars_runtime_32-1.40.1-cp310-abi3-manylinux_2_17_aarch64.manylinux2014_aarch64.whl", hash = "sha256:5987b30e7aa1059d069498496e8dda35afd592b0ac3d46ed87e3ff8df1ad652c", size = 50252104, upload-time = "2026-04-22T19:14:35.945Z" },
    { url = "https://files.pythonhosted.org/packages/15/ef/7d57ceb0651af74194e97ed6583e148d352f03d696090221b8059cdfc90b/polars_runtime_32-1.40.1-cp310-abi3-manylinux_2_17_x86_64.manylinux2014_x86_64.whl", hash = "sha256:8d7f42a8b3f16fc66002cc0f6516f7dd7653396886ae0ed362ab95c0b3408b59", size = 56250788, upload-time = "2026-04-22T19:14:39.743Z" },
    { url = "https://files.pythonhosted.org/packages/10/0f/e4b3ffc748827a14a474ec9c42e45c066050e440fec57e914091d9adda75/polars_runtime_32-1.40.1-cp310-abi3-musllinux_1_2_aarch64.whl", hash = "sha256:e5f7becc237a7ec9d9a10878dc8e54b73bbf4e2d94a2991c37d7a0b38590d8f9", size = 50432590, upload-time = "2026-04-22T19:14:43.388Z" },
    { url = "https://files.pythonhosted.org/packages/d9/0b/b8d95fbed869fa4caabe9c400e4210374913b376e925e96fdcfa9be6416b/polars_runtime_32-1.40.1-cp310-abi3-musllinux_1_2_x86_64.whl", hash = "sha256:992d14cf191dde043d36fbdbc98a65e43fbc7e9a5024cecd45f838ac4988c1ee", size = 54155564, upload-time = "2026-04-22T19:14:47.239Z" },
    { url = "https://files.pythonhosted.org/packages/06/d9/d091d8fb5cbed5e9536adfed955c4c89987a4cc3b8e73ae4532402b91c74/polars_runtime_32-1.40.1-cp310-abi3-win_amd64.whl", hash = "sha256:f78bb2abd00101cbb23cc0cb068f7e36e081057a15d2ec2dde3dda280709f030", size = 51829755, upload-time = "2026-04-22T19:14:50.85Z" },
    { url = "https://files.pythonhosted.org/packages/65/ad/b33c3022a394f3eb55c3310597cec615412a8a33880055eee191d154a628/polars_runtime_32-1.40.1-cp310-abi3-win_arm64.whl", hash = "sha256:b5cbfaf6b085b420b4bfcbe24e8f665076d1cccfdb80c0484c02a023ce205537", size = 45822104, upload-time = "2026-04-22T19:14:54.192Z" },
]

[[package]]
name = "pycparser"
version = "3.0"
source = { registry = "https://pypi.org/simple" }
sdist = { url = "https://files.pythonhosted.org/packages/1b/7d/92392ff7815c21062bea51aa7b87d45576f649f16458d78b7cf94b9ab2e6/pycparser-3.0.tar.gz", hash = "sha256:600f49d217304a5902ac3c37e1281c9fe94e4d0489de643a9504c5cdfdfc6b29", size = 103492, upload-time = "2026-01-21T14:26:51.89Z" }
wheels = [
    { url = "https://files.pythonhosted.org/packages/0c/c3/44f3fbbfa403ea2a7c779186dc20772604442dde72947e7d01069cbe98e3/pycparser-3.0-py3-none-any.whl", hash = "sha256:b727414169a36b7d524c1c3e31839a521725078d7b2ff038656844266160a992", size = 48172, upload-time = "2026-01-21T14:26:50.693Z" },
]

[[package]]
name = "python-dateutil"
version = "2.9.0.post0"
source = { registry = "https://pypi.org/simple" }
dependencies = [
    { name = "six" },
]
sdist = { url = "https://files.pythonhosted.org/packages/66/c0/0c8b6ad9f17a802ee498c46e004a0eb49bc148f2fd230864601a86dcf6db/python-dateutil-2.9.0.post0.tar.gz", hash = "sha256:37dd54208da7e1cd875388217d5e00ebd4179249f90fb72437e91a35459a0ad3", size = 342432, upload-time = "2024-03-01T18:36:20.211Z" }
wheels = [
    { url = "https://files.pythonhosted.org/packages/ec/57/56b9bcc3c9c6a792fcbaf139543cee77261f3651ca9da0c93f5c1221264b/python_dateutil-2.9.0.post0-py2.py3-none-any.whl", hash = "sha256:a8b2bc7bffae282281c8140a97d3aa9c14da0b136dfe83f850eea9a5f7470427", size = 229892, upload-time = "2024-03-01T18:36:18.57Z" },
]

[[package]]
name = "ruff"
version = "0.15.8"
source = { registry = "https://pypi.org/simple" }
sdist = { url = "https://files.pythonhosted.org/packages/14/b0/73cf7550861e2b4824950b8b52eebdcc5adc792a00c514406556c5b80817/ruff-0.15.8.tar.gz", hash = "sha256:995f11f63597ee362130d1d5a327a87cb6f3f5eae3094c620bcc632329a4d26e", size = 4610921, upload-time = "2026-03-26T18:39:38.675Z" }
wheels = [
    { url = "https://files.pythonhosted.org/packages/4a/92/c445b0cd6da6e7ae51e954939cb69f97e008dbe750cfca89b8cedc081be7/ruff-0.15.8-py3-none-linux_armv6l.whl", hash = "sha256:cbe05adeba76d58162762d6b239c9056f1a15a55bd4b346cfd21e26cd6ad7bc7", size = 10527394, upload-time = "2026-03-26T18:39:41.566Z" },
    { url = "https://files.pythonhosted.org/packages/eb/92/f1c662784d149ad1414cae450b082cf736430c12ca78367f20f5ed569d65/ruff-0.15.8-py3-none-macosx_10_12_x86_64.whl", hash = "sha256:d3e3d0b6ba8dca1b7ef9ab80a28e840a20070c4b62e56d675c24f366ef330570", size = 10905693, upload-time = "2026-03-26T18:39:30.364Z" },
    { url = "https://files.pythonhosted.org/packages/ca/f2/7a631a8af6d88bcef997eb1bf87cc3da158294c57044aafd3e17030613de/ruff-0.15.8-py3-none-macosx_11_0_arm64.whl", hash = "sha256:6ee3ae5c65a42f273f126686353f2e08ff29927b7b7e203b711514370d500de3", size = 10323044, upload-time = "2026-03-26T18:39:33.37Z" },
    { url = "https://files.pythonhosted.org/packages/67/18/1bf38e20914a05e72ef3b9569b1d5c70a7ef26cd188d69e9ca8ef588d5bf/ruff-0.15.8-py3-none-manylinux_2_17_aarch64.manylinux2014_aarch64.whl", hash = "sha256:fdce027ada77baa448077ccc6ebb2fa9c3c62fd110d8659d601cf2f475858d94", size = 10629135, upload-time = "2026-03-26T18:39:44.142Z" },
    { url = "https://files.pythonhosted.org/packages/d2/e9/138c150ff9af60556121623d41aba18b7b57d95ac032e177b6a53789d279/ruff-0.15.8-py3-none-manylinux_2_17_armv7l.manylinux2014_armv7l.whl", hash = "sha256:12e617fc01a95e5821648a6df341d80456bd627bfab8a829f7cfc26a14a4b4a3", size = 10348041, upload-time = "2026-03-26T18:39:52.178Z" },
    { url = "https://files.pythonhosted.org/packages/02/f1/5bfb9298d9c323f842c5ddeb85f1f10ef51516ac7a34ba446c9347d898df/ruff-0.15.8-py3-none-manylinux_2_17_i686.manylinux2014_i686.whl", hash = "sha256:432701303b26416d22ba696c39f2c6f12499b89093b61360abc34bcc9bf07762", size = 11121987, upload-time = "2026-03-26T18:39:55.195Z" },
    { url = "https://files.pythonhosted.org/packages/10/11/6da2e538704e753c04e8d86b1fc55712fdbdcc266af1a1ece7a51fff0d10/ruff-0.15.8-py3-none-manylinux_2_17_ppc64le.manylinux2014_ppc64le.whl", hash = "sha256:d910ae974b7a06a33a057cb87d2a10792a3b2b3b35e33d2699fdf63ec8f6b17a", size = 11951057, upload-time = "2026-03-26T18:39:19.18Z" },
    { url = "https://files.pythonhosted.org/packages/83/f0/c9208c5fd5101bf87002fed774ff25a96eea313d305f1e5d5744698dc314/ruff-0.15.8-py3-none-manylinux_2_17_s390x.manylinux2014_s390x.whl", hash = "sha256:2033f963c43949d51e6fdccd3946633c6b37c484f5f98c3035f49c27395a8ab8", size = 11464613, upload-time = "2026-03-26T18:40:06.301Z" },
    { url = "https://files.pythonhosted.org/packages/f8/22/d7f2fabdba4fae9f3b570e5605d5eb4500dcb7b770d3217dca4428484b17/ruff-0.15.8-py3-none-manylinux_2_17_x86_64.manylinux2014_x86_64.whl", hash = "sha256:0f29b989a55572fb885b77464cf24af05500806ab4edf9a0fd8977f9759d85b1", size = 11257557, upload-time = "2026-03-26T18:39:57.972Z" },
    { url = "https://files.pythonhosted.org/packages/71/8c/382a9620038cf6906446b23ce8632ab8c0811b8f9d3e764f58bedd0c9a6f/ruff-0.15.8-py3-none-manylinux_2_31_riscv64.whl", hash = "sha256:ac51d486bf457cdc985a412fb1801b2dfd1bd8838372fc55de64b1510eff4bec", size = 11169440, upload-time = "2026-03-26T18:39:22.205Z" },
    { url = "https://files.pythonhosted.org/packages/4d/0d/0994c802a7eaaf99380085e4e40c845f8e32a562e20a38ec06174b52ef24/ruff-0.15.8-py3-none-musllinux_1_2_aarch64.whl", hash = "sha256:c9861eb959edab053c10ad62c278835ee69ca527b6dcd72b47d5c1e5648964f6", size = 10605963, upload-time = "2026-03-26T18:39:46.682Z" },
    { url = "https://files.pythonhosted.org/packages/19/aa/d624b86f5b0aad7cef6bbf9cd47a6a02dfdc4f72c92a337d724e39c9d14b/ruff-0.15.8-py3-none-musllinux_1_2_armv7l.whl", hash = "sha256:8d9a5b8ea13f26ae90838afc33f91b547e61b794865374f114f349e9036835fb", size = 10357484, upload-time = "2026-03-26T18:39:49.176Z" },
    { url = "https://files.pythonhosted.org/packages/35/c3/e0b7835d23001f7d999f3895c6b569927c4d39912286897f625736e1fd04/ruff-0.15.8-py3-none-musllinux_1_2_i686.whl", hash = "sha256:c2a33a529fb3cbc23a7124b5c6ff121e4d6228029cba374777bd7649cc8598b8", size = 10830426, upload-time = "2026-03-26T18:40:03.702Z" },
    { url = "https://files.pythonhosted.org/packages/f0/51/ab20b322f637b369383adc341d761eaaa0f0203d6b9a7421cd6e783d81b9/ruff-0.15.8-py3-none-musllinux_1_2_x86_64.whl", hash = "sha256:75e5cd06b1cf3f47a3996cfc999226b19aa92e7cce682dcd62f80d7035f98f49", size = 11345125, upload-time = "2026-03-26T18:39:27.799Z" },
    { url = "https://files.pythonhosted.org/packages/37/e6/90b2b33419f59d0f2c4c8a48a4b74b460709a557e8e0064cf33ad894f983/ruff-0.15.8-py3-none-win32.whl", hash = "sha256:bc1f0a51254ba21767bfa9a8b5013ca8149dcf38092e6a9eb704d876de94dc34", size = 10571959, upload-time = "2026-03-26T18:39:36.117Z" },
    { url = "https://files.pythonhosted.org/packages/1f/a2/ef467cb77099062317154c63f234b8a7baf7cb690b99af760c5b68b9ee7f/ruff-0.15.8-py3-none-win_amd64.whl", hash = "sha256:04f79eff02a72db209d47d665ba7ebcad609d8918a134f86cb13dd132159fc89", size = 11743893, upload-time = "2026-03-26T18:39:25.01Z" },
    { url = "https://files.pythonhosted.org/packages/15/e2/77be4fff062fa78d9b2a4dea85d14785dac5f1d0c1fb58ed52331f0ebe28/ruff-0.15.8-py3-none-win_arm64.whl", hash = "sha256:cf891fa8e3bb430c0e7fac93851a5978fc99c8fa2c053b57b118972866f8e5f2", size = 11048175, upload-time = "2026-03-26T18:40:01.06Z" },
]

[[package]]
name = "six"
version = "1.17.0"
source = { registry = "https://pypi.org/simple" }
sdist = { url = "https://files.pythonhosted.org/packages/94/e7/b2c673351809dca68a0e064b6af791aa332cf192da575fd474ed7d6f16a2/six-1.17.0.tar.gz", hash = "sha256:ff70335d468e7eb6ec65b95b99d3a2836546063f63acc5171de367e834932a81", size = 34031, upload-time = "2024-12-04T17:35:28.174Z" }
wheels = [
    { url = "https://files.pythonhosted.org/packages/b7/ce/149a00dd41f10bc29e5921b496af8b574d8413afcd5e30dfa0ed46c2cc5e/six-1.17.0-py2.py3-none-any.whl", hash = "sha256:4721f391ed90541fddacab5acf947aa0d3dc7d27b2e1e8eda2be8970586c3274", size = 11050, upload-time = "2024-12-04T17:35:26.475Z" },
]

[[package]]
name = "tzdata"
version = "2025.3"
source = { registry = "https://pypi.org/simple" }
sdist = { url = "https://files.pythonhosted.org/packages/5e/a7/c202b344c5ca7daf398f3b8a477eeb205cf3b6f32e7ec3a6bac0629ca975/tzdata-2025.3.tar.gz", hash = "sha256:de39c2ca5dc7b0344f2eba86f49d614019d29f060fc4ebc8a417896a620b56a7", size = 196772, upload-time = "2025-12-13T17:45:35.667Z" }
wheels = [
    { url = "https://files.pythonhosted.org/packages/c7/b0/003792df09decd6849a5e39c28b513c06e84436a54440380862b5aeff25d/tzdata-2025.3-py2.py3-none-any.whl", hash = "sha256:06a47e5700f3081aab02b2e513160914ff0694bce9947d6b76ebd6bf57cfc5d1", size = 348521, upload-time = "2025-12-13T17:45:33.889Z" },
]

[[package]]
name = "zstandard"
version = "0.25.0"
source = { registry = "https://pypi.org/simple" }
sdist = { url = "https://files.pythonhosted.org/packages/fd/aa/3e0508d5a5dd96529cdc5a97011299056e14c6505b678fd58938792794b1/zstandard-0.25.0.tar.gz", hash = "sha256:7713e1179d162cf5c7906da876ec2ccb9c3a9dcbdffef0cc7f70c3667a205f0b", size = 711513, upload-time = "2025-09-14T22:15:54.002Z" }
wheels = [
    { url = "https://files.pythonhosted.org/packages/3d/5c/f8923b595b55fe49e30612987ad8bf053aef555c14f05bb659dd5dbe3e8a/zstandard-0.25.0-cp314-cp314-macosx_10_13_x86_64.whl", hash = "sha256:e29f0cf06974c899b2c188ef7f783607dbef36da4c242eb6c82dcd8b512855e3", size = 795887, upload-time = "2025-09-14T22:17:54.198Z" },
    { url = "https://files.pythonhosted.org/packages/8d/09/d0a2a14fc3439c5f874042dca72a79c70a532090b7ba0003be73fee37ae2/zstandard-0.25.0-cp314-cp314-macosx_11_0_arm64.whl", hash = "sha256:05df5136bc5a011f33cd25bc9f506e7426c0c9b3f9954f056831ce68f3b6689f", size = 640658, upload-time = "2025-09-14T22:17:55.423Z" },
    { url = "https://files.pythonhosted.org/packages/5d/7c/8b6b71b1ddd517f68ffb55e10834388d4f793c49c6b83effaaa05785b0b4/zstandard-0.25.0-cp314-cp314-manylinux2010_i686.manylinux_2_12_i686.manylinux_2_28_i686.whl", hash = "sha256:f604efd28f239cc21b3adb53eb061e2a205dc164be408e553b41ba2ffe0ca15c", size = 5379849, upload-time = "2025-09-14T22:17:57.372Z" },
    { url = "https://files.pythonhosted.org/packages/a4/86/a48e56320d0a17189ab7a42645387334fba2200e904ee47fc5a26c1fd8ca/zstandard-0.25.0-cp314-cp314-manylinux2014_aarch64.manylinux_2_17_aarch64.manylinux_2_28_aarch64.whl", hash = "sha256:223415140608d0f0da010499eaa8ccdb9af210a543fac54bce15babbcfc78439", size = 5058095, upload-time = "2025-09-14T22:17:59.498Z" },
    { url = "https://files.pythonhosted.org/packages/f8/ad/eb659984ee2c0a779f9d06dbfe45e2dc39d99ff40a319895df2d3d9a48e5/zstandard-0.25.0-cp314-cp314-manylinux2014_ppc64le.manylinux_2_17_ppc64le.manylinux_2_28_ppc64le.whl", hash = "sha256:2e54296a283f3ab5a26fc9b8b5d4978ea0532f37b231644f367aa588930aa043", size = 5551751, upload-time = "2025-09-14T22:18:01.618Z" },
    { url = "https://files.pythonhosted.org/packages/61/b3/b637faea43677eb7bd42ab204dfb7053bd5c4582bfe6b1baefa80ac0c47b/zstandard-0.25.0-cp314-cp314-manylinux2014_s390x.manylinux_2_17_s390x.manylinux_2_28_s390x.whl", hash = "sha256:ca54090275939dc8ec5dea2d2afb400e0f83444b2fc24e07df7fdef677110859", size = 6364818, upload-time = "2025-09-14T22:18:03.769Z" },
    { url = "https://files.pythonhosted.org/packages/31/dc/cc50210e11e465c975462439a492516a73300ab8caa8f5e0902544fd748b/zstandard-0.25.0-cp314-cp314-manylinux2014_x86_64.manylinux_2_17_x86_64.manylinux_2_28_x86_64.whl", hash = "sha256:e09bb6252b6476d8d56100e8147b803befa9a12cea144bbe629dd508800d1ad0", size = 5560402, upload-time = "2025-09-14T22:18:05.954Z" },
    { url = "https://files.pythonhosted.org/packages/c9/ae/56523ae9c142f0c08efd5e868a6da613ae76614eca1305259c3bf6a0ed43/zstandard-0.25.0-cp314-cp314-musllinux_1_2_aarch64.whl", hash = "sha256:a9ec8c642d1ec73287ae3e726792dd86c96f5681eb8df274a757bf62b750eae7", size = 4955108, upload-time = "2025-09-14T22:18:07.68Z" },
    { url = "https://files.pythonhosted.org/packages/98/cf/c899f2d6df0840d5e384cf4c4121458c72802e8bda19691f3b16619f51e9/zstandard-0.25.0-cp314-cp314-musllinux_1_2_i686.whl", hash = "sha256:a4089a10e598eae6393756b036e0f419e8c1d60f44a831520f9af41c14216cf2", size = 5269248, upload-time = "2025-09-14T22:18:09.753Z" },
    { url = "https://files.pythonhosted.org/packages/1b/c0/59e912a531d91e1c192d3085fc0f6fb2852753c301a812d856d857ea03c6/zstandard-0.25.0-cp314-cp314-musllinux_1_2_ppc64le.whl", hash = "sha256:f67e8f1a324a900e75b5e28ffb152bcac9fbed1cc7b43f99cd90f395c4375344", size = 5430330, upload-time = "2025-09-14T22:18:11.966Z" },
    { url = "https://files.pythonhosted.org/packages/a0/1d/7e31db1240de2df22a58e2ea9a93fc6e38cc29353e660c0272b6735d6669/zstandard-0.25.0-cp314-cp314-musllinux_1_2_s390x.whl", hash = "sha256:9654dbc012d8b06fc3d19cc825af3f7bf8ae242226df5f83936cb39f5fdc846c", size = 5811123, upload-time = "2025-09-14T22:18:13.907Z" },
    { url = "https://files.pythonhosted.org/packages/f6/49/fac46df5ad353d50535e118d6983069df68ca5908d4d65b8c466150a4ff1/zstandard-0.25.0-cp314-cp314-musllinux_1_2_x86_64.whl", hash = "sha256:4203ce3b31aec23012d3a4cf4a2ed64d12fea5269c49aed5e4c3611b938e4088", size = 5359591, upload-time = "2025-09-14T22:18:16.465Z" },
    { url = "https://files.pythonhosted.org/packages/c2/38/f249a2050ad1eea0bb364046153942e34abba95dd5520af199aed86fbb49/zstandard-0.25.0-cp314-cp314-win32.whl", hash = "sha256:da469dc041701583e34de852d8634703550348d5822e66a0c827d39b05365b12", size = 444513, upload-time = "2025-09-14T22:18:20.61Z" },
    { url = "https://files.pythonhosted.org/packages/3a/43/241f9615bcf8ba8903b3f0432da069e857fc4fd1783bd26183db53c4804b/zstandard-0.25.0-cp314-cp314-win_amd64.whl", hash = "sha256:c19bcdd826e95671065f8692b5a4aa95c52dc7a02a4c5a0cac46deb879a017a2", size = 516118, upload-time = "2025-09-14T22:18:17.849Z" },
    { url = "https://files.pythonhosted.org/packages/f0/ef/da163ce2450ed4febf6467d77ccb4cd52c4c30ab45624bad26ca0a27260c/zstandard-0.25.0-cp314-cp314-win_arm64.whl", hash = "sha256:d7541afd73985c630bafcd6338d2518ae96060075f9463d7dc14cfb33514383d", size = 476940, upload-time = "2025-09-14T22:18:19.088Z" },
]
